
Microsoft Visual Studio Solution File, Format Version 12.00
# Visual Studio 14
VisualStudioVersion = 14.0.22310.1
MinimumVisualStudioVersion = 10.0.40219.1
Project("{2150E333-8FDC-42A3-9474-1A3956D46DE8}") = "src", "src", "{2CFCA259-76E4-43C9-B320-71E4FECFDE8B}"
EndProject
Project("{8BB2217D-0F2D-49D1-97BC-3654ED321F3B}") = "HelloMVC", "src\HelloMVC\HelloMVC.kproj", "{190A4AFE-4E1A-4564-B376-064B4243FCF2}"
EndProject
Project("{2150E333-8FDC-42A3-9474-1A3956D46DE8}") = "Solution Items", "Solution Items", "{B1FF10B9-88AE-4709-9992-FF7612E8DEE5}"
	ProjectSection(SolutionItems) = preProject
		global.json = global.json
	EndProjectSection
EndProject
Global
	GlobalSection(SolutionConfigurationPlatforms) = preSolution
		Debug|Any CPU = Debug|Any CPU
		Release|Any CPU = Release|Any CPU
	EndGlobalSection
	GlobalSection(ProjectConfigurationPlatforms) = postSolution
		{190A4AFE-4E1A-4564-B376-064B4243FCF2}.Debug|Any CPU.ActiveCfg = Debug|Any CPU
		{190A4AFE-4E1A-4564-B376-064B4243FCF2}.Debug|Any CPU.Build.0 = Debug|Any CPU
		{190A4AFE-4E1A-4564-B376-064B4243FCF2}.Release|Any CPU.ActiveCfg = Release|Any CPU
		{190A4AFE-4E1A-4564-B376-064B4243FCF2}.Release|Any CPU.Build.0 = Release|Any CPU
	EndGlobalSection
	GlobalSection(SolutionProperties) = preSolution
		HideSolutionNode = FALSE
	EndGlobalSection
	GlobalSection(NestedProjects) = preSolution
		{190A4AFE-4E1A-4564-B376-064B4243FCF2} = {2CFCA259-76E4-43C9-B320-71E4FECFDE8B}
	EndGlobalSection
EndGlobal
